<?xml version="1.0" encoding="UTF-8" standalone="yes" ?>
<CodeBlocks_project_file>
	<FileVersion major="1" minor="6" />
	<Project>
		<Option title="oop3" />
		<Option pch_mode="2" />
		<Option compiler="gcc" />
		<Build>
			<Target title="Debug">
				<Option output="bin/Debug/oop3" prefix_auto="1" extension_auto="1" />
				<Option object_output="obj/Debug/" />
				<Option type="1" />
				<Option compiler="gcc" />
				<Compiler>
					<Add option="-g" />
				</Compiler>
			</Target>
			<Target title="Release">
				<Option output="bin/Release/oop3" prefix_auto="1" extension_auto="1" />
				<Option object_output="obj/Release/" />
				<Option type="1" />
				<Option compiler="gcc" />
				<Compiler>
					<Add option="-O2" />
				</Compiler>
				<Linker>
					<Add option="-s" />
				</Linker>
			</Target>
		</Build>
		<Compiler>
			<Add option="-Wall" />
			<Add option="-fexceptions" />
		</Compiler>
		<Unit filename="Cash.cpp" />
		<Unit filename="Cash.h" />
		<Unit filename="Check.cpp" />
		<Unit filename="Check.h" />
		<Unit filename="Companey.cpp" />
		<Unit filename="Companey.h" />
		<Unit filename="Credit.cpp" />
		<Unit filename="Credit.h" />
		<Unit filename="Customer.cpp" />
		<Unit filename="Customer.h" />
		<Unit filename="Customers.cpp" />
		<Unit filename="Customers.h" />
		<Unit filename="Order.cpp" />
		<Unit filename="Order.h" />
		<Unit filename="OrderItem.cpp" />
		<Unit filename="OrderItem.h" />
		<Unit filename="Payment.cpp" />
		<Unit filename="Payment.h" />
		<Unit filename="Person.cpp" />
		<Unit filename="Person.h" />
		<Unit filename="Product.cpp" />
		<Unit filename="Product.h" />
		<Unit filename="Stock.cpp" />
		<Unit filename="Stock.h" />
		<Unit filename="Transction.cpp" />
		<Unit filename="Transction.h" />
		<Unit filename="TransctionList.cpp" />
		<Unit filename="TransctionList.h" />
		<Unit filename="main.cpp" />
		<Extensions>
			<lib_finder disable_auto="1" />
		</Extensions>
	</Project>
</CodeBlocks_project_file>
